
Microsoft Visual Studio Solution File, Format Version 12.00
# Visual Studio 2013
VisualStudioVersion = 12.0.31101.0
MinimumVisualStudioVersion = 10.0.40219.1
Project("{FAE04EC0-301F-11D3-BF4B-00C04F79EFBC}") = "FTD.Web.UI", "FTD.Web.UI\FTD.Web.UI.csproj", "{3CB8643A-4886-4A3A-B0A9-85FA604993C3}"
EndProject
Project("{FAE04EC0-301F-11D3-BF4B-00C04F79EFBC}") = "FTD.BLL", "FTD.BLL\FTD.BLL.csproj", "{81DBFEBE-4C30-4725-BB86-60745996D287}"
EndProject
Project("{FAE04EC0-301F-11D3-BF4B-00C04F79EFBC}") = "FTD.DBUnit", "FTD.DBUnit\FTD.DBUnit.csproj", "{545750D3-A552-430F-9B63-90548025DF42}"
EndProject
Project("{FAE04EC0-301F-11D3-BF4B-00C04F79EFBC}") = "FTD.Unit", "FTD.Unit\FTD.Unit.csproj", "{538651AB-49F0-477F-A3D5-A41B9BC5A5EF}"
EndProject
Global
	GlobalSection(SolutionConfigurationPlatforms) = preSolution
		Debug|Any CPU = Debug|Any CPU
		Release|Any CPU = Release|Any CPU
	EndGlobalSection
	GlobalSection(ProjectConfigurationPlatforms) = postSolution
		{3CB8643A-4886-4A3A-B0A9-85FA604993C3}.Debug|Any CPU.ActiveCfg = Debug|Any CPU
		{3CB8643A-4886-4A3A-B0A9-85FA604993C3}.Debug|Any CPU.Build.0 = Debug|Any CPU
		{3CB8643A-4886-4A3A-B0A9-85FA604993C3}.Release|Any CPU.ActiveCfg = Release|Any CPU
		{3CB8643A-4886-4A3A-B0A9-85FA604993C3}.Release|Any CPU.Build.0 = Release|Any CPU
		{81DBFEBE-4C30-4725-BB86-60745996D287}.Debug|Any CPU.ActiveCfg = Debug|Any CPU
		{81DBFEBE-4C30-4725-BB86-60745996D287}.Debug|Any CPU.Build.0 = Debug|Any CPU
		{81DBFEBE-4C30-4725-BB86-60745996D287}.Release|Any CPU.ActiveCfg = Release|Any CPU
		{81DBFEBE-4C30-4725-BB86-60745996D287}.Release|Any CPU.Build.0 = Release|Any CPU
		{545750D3-A552-430F-9B63-90548025DF42}.Debug|Any CPU.ActiveCfg = Debug|Any CPU
		{545750D3-A552-430F-9B63-90548025DF42}.Debug|Any CPU.Build.0 = Debug|Any CPU
		{545750D3-A552-430F-9B63-90548025DF42}.Release|Any CPU.ActiveCfg = Release|Any CPU
		{545750D3-A552-430F-9B63-90548025DF42}.Release|Any CPU.Build.0 = Release|Any CPU
		{538651AB-49F0-477F-A3D5-A41B9BC5A5EF}.Debug|Any CPU.ActiveCfg = Debug|Any CPU
		{538651AB-49F0-477F-A3D5-A41B9BC5A5EF}.Debug|Any CPU.Build.0 = Debug|Any CPU
		{538651AB-49F0-477F-A3D5-A41B9BC5A5EF}.Release|Any CPU.ActiveCfg = Release|Any CPU
		{538651AB-49F0-477F-A3D5-A41B9BC5A5EF}.Release|Any CPU.Build.0 = Release|Any CPU
	EndGlobalSection
	GlobalSection(SolutionProperties) = preSolution
		HideSolutionNode = FALSE
	EndGlobalSection
EndGlobal
